
Microsoft Visual Studio Solution File, Format Version 12.00
# Visual Studio Version 17
VisualStudioVersion = 17.6.33815.320
MinimumVisualStudioVersion = 10.0.40219.1
Project("{FAE04EC0-301F-11D3-BF4B-00C04F79EFBC}") = "CucoClient", "CucoClient\CucoClient.csproj", "{6C3CB3C7-10C1-4E82-A261-634DE9EDCAD2}"
EndProject
Global
	GlobalSection(SolutionConfigurationPlatforms) = preSolution
		Debug|Any CPU = Debug|Any CPU
		Release|Any CPU = Release|Any CPU
	EndGlobalSection
	GlobalSection(ProjectConfigurationPlatforms) = postSolution
		{6C3CB3C7-10C1-4E82-A261-634DE9EDCAD2}.Debug|Any CPU.ActiveCfg = Debug|Any CPU
		{6C3CB3C7-10C1-4E82-A261-634DE9EDCAD2}.Debug|Any CPU.Build.0 = Debug|Any CPU
		{6C3CB3C7-10C1-4E82-A261-634DE9EDCAD2}.Release|Any CPU.ActiveCfg = Release|Any CPU
		{6C3CB3C7-10C1-4E82-A261-634DE9EDCAD2}.Release|Any CPU.Build.0 = Release|Any CPU
	EndGlobalSection
	GlobalSection(SolutionProperties) = preSolution
		HideSolutionNode = FALSE
	EndGlobalSection
	GlobalSection(ExtensibilityGlobals) = postSolution
		SolutionGuid = {DA012958-5D7E-41D4-8562-95E9EDE2409B}
	EndGlobalSection
EndGlobal
